
Microsoft Visual Studio Solution File, Format Version 12.00
# Visual Studio 15
VisualStudioVersion = 15.0.28307.852
MinimumVisualStudioVersion = 10.0.40219.1
Project("{8BC9CEB8-8B4A-11D0-8D11-00A0C91BC942}") = "ShoeCollectionV2", "ShoeCollectionV2\ShoeCollectionV2.vcxproj", "{583ED499-19FA-4ED8-9FFD-DF4141FFB1AC}"
EndProject
Global
	GlobalSection(SolutionConfigurationPlatforms) = preSolution
		Debug|x64 = Debug|x64
		Debug|x86 = Debug|x86
		Release|x64 = Release|x64
		Release|x86 = Release|x86
	EndGlobalSection
	GlobalSection(ProjectConfigurationPlatforms) = postSolution
		{583ED499-19FA-4ED8-9FFD-DF4141FFB1AC}.Debug|x64.ActiveCfg = Debug|x64
		{583ED499-19FA-4ED8-9FFD-DF4141FFB1AC}.Debug|x64.Build.0 = Debug|x64
		{583ED499-19FA-4ED8-9FFD-DF4141FFB1AC}.Debug|x86.ActiveCfg = Debug|Win32
		{583ED499-19FA-4ED8-9FFD-DF4141FFB1AC}.Debug|x86.Build.0 = Debug|Win32
		{583ED499-19FA-4ED8-9FFD-DF4141FFB1AC}.Release|x64.ActiveCfg = Release|x64
		{583ED499-19FA-4ED8-9FFD-DF4141FFB1AC}.Release|x64.Build.0 = Release|x64
		{583ED499-19FA-4ED8-9FFD-DF4141FFB1AC}.Release|x86.ActiveCfg = Release|Win32
		{583ED499-19FA-4ED8-9FFD-DF4141FFB1AC}.Release|x86.Build.0 = Release|Win32
	EndGlobalSection
	GlobalSection(SolutionProperties) = preSolution
		HideSolutionNode = FALSE
	EndGlobalSection
	GlobalSection(ExtensibilityGlobals) = postSolution
		SolutionGuid = {B6E3A4B7-8B6D-4C77-91DA-54EC0B13F548}
	EndGlobalSection
EndGlobal
